
Microsoft Visual Studio Solution File, Format Version 12.00
# Visual Studio Version 17
VisualStudioVersion = 17.2.32526.322
MinimumVisualStudioVersion = 10.0.40219.1
Project("{2150E333-8FDC-42A3-9474-1A3956D46DE8}") = "sample", "sample", "{D3AC3759-BB2B-4240-A451-6C9F5BF4BD55}"
EndProject
Project("{2150E333-8FDC-42A3-9474-1A3956D46DE8}") = "src", "src", "{A22F5536-64A9-4686-937C-A3E16073B615}"
EndProject
Project("{2150E333-8FDC-42A3-9474-1A3956D46DE8}") = "test", "test", "{54301E01-139F-4FBF-B993-1E128D903500}"
EndProject
Project("{9A19103F-16F7-4668-BE54-9A1E7A4F7556}") = "ClockSnowFlake.Unitests", "test\ClockSnowFlake.Unitests\ClockSnowFlake.Unitests.csproj", "{D1CBF717-BF37-4D9B-833D-65385C87BCDE}"
EndProject
Project("{2150E333-8FDC-42A3-9474-1A3956D46DE8}") = "build", "build", "{1693E868-A55C-45FD-88D5-55A5E225F82D}"
	ProjectSection(SolutionItems) = preProject
		build\nuget.props = build\nuget.props
	EndProjectSection
EndProject
Project("{9A19103F-16F7-4668-BE54-9A1E7A4F7556}") = "ClockSnowFlake", "src\ClockSnowFlake\ClockSnowFlake.csproj", "{219C09A2-3D87-4A87-999C-1276389B6628}"
EndProject
Project("{9A19103F-16F7-4668-BE54-9A1E7A4F7556}") = "ClockSnowFlake.Demo.WebApi", "sample\ClockSnowFlake.Demo.WebApi\ClockSnowFlake.Demo.WebApi.csproj", "{72D4E1B8-B2FF-4A30-B713-F1E9E7B7ACC3}"
EndProject
Global
	GlobalSection(SolutionConfigurationPlatforms) = preSolution
		Debug|Any CPU = Debug|Any CPU
		Release|Any CPU = Release|Any CPU
	EndGlobalSection
	GlobalSection(ProjectConfigurationPlatforms) = postSolution
		{D1CBF717-BF37-4D9B-833D-65385C87BCDE}.Debug|Any CPU.ActiveCfg = Debug|Any CPU
		{D1CBF717-BF37-4D9B-833D-65385C87BCDE}.Debug|Any CPU.Build.0 = Debug|Any CPU
		{D1CBF717-BF37-4D9B-833D-65385C87BCDE}.Release|Any CPU.ActiveCfg = Release|Any CPU
		{D1CBF717-BF37-4D9B-833D-65385C87BCDE}.Release|Any CPU.Build.0 = Release|Any CPU
		{219C09A2-3D87-4A87-999C-1276389B6628}.Debug|Any CPU.ActiveCfg = Debug|Any CPU
		{219C09A2-3D87-4A87-999C-1276389B6628}.Debug|Any CPU.Build.0 = Debug|Any CPU
		{219C09A2-3D87-4A87-999C-1276389B6628}.Release|Any CPU.ActiveCfg = Release|Any CPU
		{219C09A2-3D87-4A87-999C-1276389B6628}.Release|Any CPU.Build.0 = Release|Any CPU
		{72D4E1B8-B2FF-4A30-B713-F1E9E7B7ACC3}.Debug|Any CPU.ActiveCfg = Debug|Any CPU
		{72D4E1B8-B2FF-4A30-B713-F1E9E7B7ACC3}.Debug|Any CPU.Build.0 = Debug|Any CPU
		{72D4E1B8-B2FF-4A30-B713-F1E9E7B7ACC3}.Release|Any CPU.ActiveCfg = Release|Any CPU
		{72D4E1B8-B2FF-4A30-B713-F1E9E7B7ACC3}.Release|Any CPU.Build.0 = Release|Any CPU
	EndGlobalSection
	GlobalSection(SolutionProperties) = preSolution
		HideSolutionNode = FALSE
	EndGlobalSection
	GlobalSection(NestedProjects) = preSolution
		{D1CBF717-BF37-4D9B-833D-65385C87BCDE} = {54301E01-139F-4FBF-B993-1E128D903500}
		{219C09A2-3D87-4A87-999C-1276389B6628} = {A22F5536-64A9-4686-937C-A3E16073B615}
		{72D4E1B8-B2FF-4A30-B713-F1E9E7B7ACC3} = {D3AC3759-BB2B-4240-A451-6C9F5BF4BD55}
	EndGlobalSection
	GlobalSection(ExtensibilityGlobals) = postSolution
		SolutionGuid = {D1D2AABE-A492-4DDE-AE64-AF0ACB4F97DE}
	EndGlobalSection
EndGlobal
